
Microsoft Visual Studio Solution File, Format Version 12.00
# Visual Studio Version 17
VisualStudioVersion = 17.4.33110.190
MinimumVisualStudioVersion = 10.0.40219.1
Project("{FAE04EC0-301F-11D3-BF4B-00C04F79EFBC}") = "oop-03", "oop-02\oop-03.csproj", "{FDA717A5-7D63-4BBB-91EF-DE64B78E16A5}"
EndProject
Global
	GlobalSection(SolutionConfigurationPlatforms) = preSolution
		Debug|Any CPU = Debug|Any CPU
		Release|Any CPU = Release|Any CPU
	EndGlobalSection
	GlobalSection(ProjectConfigurationPlatforms) = postSolution
		{FDA717A5-7D63-4BBB-91EF-DE64B78E16A5}.Debug|Any CPU.ActiveCfg = Debug|Any CPU
		{FDA717A5-7D63-4BBB-91EF-DE64B78E16A5}.Debug|Any CPU.Build.0 = Debug|Any CPU
		{FDA717A5-7D63-4BBB-91EF-DE64B78E16A5}.Release|Any CPU.ActiveCfg = Release|Any CPU
		{FDA717A5-7D63-4BBB-91EF-DE64B78E16A5}.Release|Any CPU.Build.0 = Release|Any CPU
	EndGlobalSection
	GlobalSection(SolutionProperties) = preSolution
		HideSolutionNode = FALSE
	EndGlobalSection
	GlobalSection(ExtensibilityGlobals) = postSolution
		SolutionGuid = {19CB9232-7235-4F7D-8794-81E7943694C9}
	EndGlobalSection
EndGlobal
