
Microsoft Visual Studio Solution File, Format Version 12.00
# Visual Studio Version 17
VisualStudioVersion = 17.4.33110.190
MinimumVisualStudioVersion = 10.0.40219.1
Project("{FAE04EC0-301F-11D3-BF4B-00C04F79EFBC}") = "oop-01", "oop-01\oop-01.csproj", "{74B71E42-B5F3-444A-B8AF-5C4B8E2A2CB0}"
EndProject
Global
	GlobalSection(SolutionConfigurationPlatforms) = preSolution
		Debug|Any CPU = Debug|Any CPU
		Release|Any CPU = Release|Any CPU
	EndGlobalSection
	GlobalSection(ProjectConfigurationPlatforms) = postSolution
		{74B71E42-B5F3-444A-B8AF-5C4B8E2A2CB0}.Debug|Any CPU.ActiveCfg = Debug|Any CPU
		{74B71E42-B5F3-444A-B8AF-5C4B8E2A2CB0}.Debug|Any CPU.Build.0 = Debug|Any CPU
		{74B71E42-B5F3-444A-B8AF-5C4B8E2A2CB0}.Release|Any CPU.ActiveCfg = Release|Any CPU
		{74B71E42-B5F3-444A-B8AF-5C4B8E2A2CB0}.Release|Any CPU.Build.0 = Release|Any CPU
	EndGlobalSection
	GlobalSection(SolutionProperties) = preSolution
		HideSolutionNode = FALSE
	EndGlobalSection
	GlobalSection(ExtensibilityGlobals) = postSolution
		SolutionGuid = {3FC5D096-65F9-459E-8E3F-0EE6E3D11383}
	EndGlobalSection
EndGlobal
