
Microsoft Visual Studio Solution File, Format Version 12.00
# Visual Studio Version 17
VisualStudioVersion = 17.4.33213.308
MinimumVisualStudioVersion = 10.0.40219.1
Project("{9092AA53-FB77-4645-B42D-1CCCA6BD08BD}") = "UIDT_Lab01", "UIDT_Lab01\UIDT_Lab01.njsproj", "{C06031D2-2728-495A-BC66-BD0968FCCC56}"
EndProject
Global
	GlobalSection(SolutionConfigurationPlatforms) = preSolution
		Debug|Any CPU = Debug|Any CPU
		Release|Any CPU = Release|Any CPU
	EndGlobalSection
	GlobalSection(ProjectConfigurationPlatforms) = postSolution
		{C06031D2-2728-495A-BC66-BD0968FCCC56}.Debug|Any CPU.ActiveCfg = Debug|Any CPU
		{C06031D2-2728-495A-BC66-BD0968FCCC56}.Debug|Any CPU.Build.0 = Debug|Any CPU
		{C06031D2-2728-495A-BC66-BD0968FCCC56}.Release|Any CPU.ActiveCfg = Release|Any CPU
		{C06031D2-2728-495A-BC66-BD0968FCCC56}.Release|Any CPU.Build.0 = Release|Any CPU
	EndGlobalSection
	GlobalSection(SolutionProperties) = preSolution
		HideSolutionNode = FALSE
	EndGlobalSection
	GlobalSection(ExtensibilityGlobals) = postSolution
		SolutionGuid = {37DC0925-A6DD-49D1-9CC6-9231E23DAA5F}
	EndGlobalSection
EndGlobal
